
Microsoft Visual Studio Solution File, Format Version 11.00
# Visual Studio 2010
Project("{FAE04EC0-301F-11D3-BF4B-00C04F79EFBC}") = "VR_Part", "Assembly-CSharp.csproj", "{6C67482F-D971-AE46-7E58-49C755EE5FFA}"
EndProject
Project("{FAE04EC0-301F-11D3-BF4B-00C04F79EFBC}") = "VR_Part", "Assembly-CSharp-Editor.csproj", "{3707F441-293D-24A0-7F3B-A7579F7FC5A0}"
EndProject
Global
	GlobalSection(SolutionConfigurationPlatforms) = preSolution
		Debug|Any CPU = Debug|Any CPU
		Release|Any CPU = Release|Any CPU
	EndGlobalSection
	GlobalSection(ProjectConfigurationPlatforms) = postSolution
		{6C67482F-D971-AE46-7E58-49C755EE5FFA}.Debug|Any CPU.ActiveCfg = Debug|Any CPU
		{6C67482F-D971-AE46-7E58-49C755EE5FFA}.Debug|Any CPU.Build.0 = Debug|Any CPU
		{6C67482F-D971-AE46-7E58-49C755EE5FFA}.Release|Any CPU.ActiveCfg = Release|Any CPU
		{6C67482F-D971-AE46-7E58-49C755EE5FFA}.Release|Any CPU.Build.0 = Release|Any CPU
		{3707F441-293D-24A0-7F3B-A7579F7FC5A0}.Debug|Any CPU.ActiveCfg = Debug|Any CPU
		{3707F441-293D-24A0-7F3B-A7579F7FC5A0}.Debug|Any CPU.Build.0 = Debug|Any CPU
		{3707F441-293D-24A0-7F3B-A7579F7FC5A0}.Release|Any CPU.ActiveCfg = Release|Any CPU
		{3707F441-293D-24A0-7F3B-A7579F7FC5A0}.Release|Any CPU.Build.0 = Release|Any CPU
	EndGlobalSection
	GlobalSection(SolutionProperties) = preSolution
		HideSolutionNode = FALSE
	EndGlobalSection
	GlobalSection(MonoDevelopProperties) = preSolution
		StartupItem = Assembly-CSharp.csproj
	EndGlobalSection
EndGlobal
